{
  "name": "pitarda",
  "version": "1.0.0",
  "lockfileVersion": 3,
  "requires": true,
  "packages": {
    "": {
      "name": "pitarda",
      "version": "1.0.0",
      "license": "MIT",
      "dependencies": {
        "granata1": "^1.0.0"
      }
    },
    "node_modules/granata1": {
      "version": "1.0.0",
      "resolved": "https://registry.npmjs.org/granata1/-/granata1-1.0.0.tgz",
      "integrity": "sha512-HTUT02xydWC+9+B4EMrHZ6wAoPCXxPbUDY8rUOISkbi9wYtlEkVGU/jzCW7jamso8y7a0jwTKq0WufbOmFsWAQ=="
    }
  }
}
